// !$*UTF8*$!
{
	archiveVersion = 1;
	classes = {
	};
	objectVersion = 56;
	objects = {

/* Begin PBXBuildFile section */
		CFDE2C352C1DE915009BA174 /* ToDoSwiftDataApp.swift in Sources */ = {isa = PBXBuildFile; fileRef = CFDE2C342C1DE915009BA174 /* ToDoSwiftDataApp.swift */; };
		CFDE2C372C1DE915009BA174 /* AddToDoScreen.swift in Sources */ = {isa = PBXBuildFile; fileRef = CFDE2C362C1DE915009BA174 /* AddToDoScreen.swift */; };
		CFDE2C392C1DE916009BA174 /* Assets.xcassets in Resources */ = {isa = PBXBuildFile; fileRef = CFDE2C382C1DE916009BA174 /* Assets.xcassets */; };
		CFDE2C3C2C1DE916009BA174 /* Preview Assets.xcassets in Resources */ = {isa = PBXBuildFile; fileRef = CFDE2C3B2C1DE916009BA174 /* Preview Assets.xcassets */; };
		CFDE2C462C1DE996009BA174 /* ToDo.swift in Sources */ = {isa = PBXBuildFile; fileRef = CFDE2C452C1DE996009BA174 /* ToDo.swift */; };
		CFDE2C482C1DF819009BA174 /* ListScreen.swift in Sources */ = {isa = PBXBuildFile; fileRef = CFDE2C472C1DF819009BA174 /* ListScreen.swift */; };
		CFDE2C4A2C1DF838009BA174 /* ToDoListView.swift in Sources */ = {isa = PBXBuildFile; fileRef = CFDE2C492C1DF838009BA174 /* ToDoListView.swift */; };
		CFDE2C4C2C1E00B7009BA174 /* ToDoDetailScreen.swift in Sources */ = {isa = PBXBuildFile; fileRef = CFDE2C4B2C1E00B7009BA174 /* ToDoDetailScreen.swift */; };
/* End PBXBuildFile section */

/* Begin PBXFileReference section */
		CFDE2C312C1DE915009BA174 /* ToDoSwiftData.app */ = {isa = PBXFileReference; explicitFileType = wrapper.application; includeInIndex = 0; path = ToDoSwiftData.app; sourceTree = BUILT_PRODUCTS_DIR; };
		CFDE2C342C1DE915009BA174 /* ToDoSwiftDataApp.swift */ = {isa = PBXFileReference; lastKnownFileType = sourcecode.swift; path = ToDoSwiftDataApp.swift; sourceTree = "<group>"; };
		CFDE2C362C1DE915009BA174 /* AddToDoScreen.swift */ = {isa = PBXFileReference; lastKnownFileType = sourcecode.swift; path = AddToDoScreen.swift; sourceTree = "<group>"; };
		CFDE2C382C1DE916009BA174 /* Assets.xcassets */ = {isa = PBXFileReference; lastKnownFileType = folder.assetcatalog; path = Assets.xcassets; sourceTree = "<group>"; };
		CFDE2C3B2C1DE916009BA174 /* Preview Assets.xcassets */ = {isa = PBXFileReference; lastKnownFileType = folder.assetcatalog; path = "Preview Assets.xcassets"; sourceTree = "<group>"; };
		CFDE2C452C1DE996009BA174 /* ToDo.swift */ = {isa = PBXFileReference; lastKnownFileType = sourcecode.swift; path = ToDo.swift; sourceTree = "<group>"; };
		CFDE2C472C1DF819009BA174 /* ListScreen.swift */ = {isa = PBXFileReference; lastKnownFileType = sourcecode.swift; path = ListScreen.swift; sourceTree = "<group>"; };
		CFDE2C492C1DF838009BA174 /* ToDoListView.swift */ = {isa = PBXFileReference; lastKnownFileType = sourcecode.swift; path = ToDoListView.swift; sourceTree = "<group>"; };
		CFDE2C4B2C1E00B7009BA174 /* ToDoDetailScreen.swift */ = {isa = PBXFileReference; lastKnownFileType = sourcecode.swift; path = ToDoDetailScreen.swift; sourceTree = "<group>"; };
/* End PBXFileReference section */

/* Begin PBXFrameworksBuildPhase section */
		CFDE2C2E2C1DE915009BA174 /* Frameworks */ = {
			isa = PBXFrameworksBuildPhase;
			buildActionMask = 2147483647;
			files = (
			);
			runOnlyForDeploymentPostprocessing = 0;
		};
/* End PBXFrameworksBuildPhase section */

/* Begin PBXGroup section */
		CFDE2C282C1DE915009BA174 = {
			isa = PBXGroup;
			children = (
				CFDE2C332C1DE915009BA174 /* ToDoSwiftData */,
				CFDE2C322C1DE915009BA174 /* Products */,
			);
			sourceTree = "<group>";
		};
		CFDE2C322C1DE915009BA174 /* Products */ = {
			isa = PBXGroup;
			children = (
				CFDE2C312C1DE915009BA174 /* ToDoSwiftData.app */,
			);
			name = Products;
			sourceTree = "<group>";
		};
		CFDE2C332C1DE915009BA174 /* ToDoSwiftData */ = {
			isa = PBXGroup;
			children = (
				CFDE2C442C1DE953009BA174 /* Model */,
				CFDE2C432C1DE94C009BA174 /* Screen */,
				CFDE2C422C1DE945009BA174 /* View */,
				CFDE2C342C1DE915009BA174 /* ToDoSwiftDataApp.swift */,
				CFDE2C362C1DE915009BA174 /* AddToDoScreen.swift */,
				CFDE2C382C1DE916009BA174 /* Assets.xcassets */,
				CFDE2C3A2C1DE916009BA174 /* Preview Content */,
			);
			path = ToDoSwiftData;
			sourceTree = "<group>";
		};
		CFDE2C3A2C1DE916009BA174 /* Preview Content */ = {
			isa = PBXGroup;
			children = (
				CFDE2C3B2C1DE916009BA174 /* Preview Assets.xcassets */,
			);
			path = "Preview Content";
			sourceTree = "<group>";
		};
		CFDE2C422C1DE945009BA174 /* View */ = {
			isa = PBXGroup;
			children = (
				CFDE2C492C1DF838009BA174 /* ToDoListView.swift */,
			);
			path = View;
			sourceTree = "<group>";
		};
		CFDE2C432C1DE94C009BA174 /* Screen */ = {
			isa = PBXGroup;
			children = (
				CFDE2C472C1DF819009BA174 /* ListScreen.swift */,
				CFDE2C4B2C1E00B7009BA174 /* ToDoDetailScreen.swift */,
			);
			path = Screen;
			sourceTree = "<group>";
		};
		CFDE2C442C1DE953009BA174 /* Model */ = {
			isa = PBXGroup;
			children = (
				CFDE2C452C1DE996009BA174 /* ToDo.swift */,
			);
			path = Model;
			sourceTree = "<group>";
		};
/* End PBXGroup section */

/* Begin PBXNativeTarget section */
		CFDE2C302C1DE915009BA174 /* ToDoSwiftData */ = {
			isa = PBXNativeTarget;
			buildConfigurationList = CFDE2C3F2C1DE916009BA174 /* Build configuration list for PBXNativeTarget "ToDoSwiftData" */;
			buildPhases = (
				CFDE2C2D2C1DE915009BA174 /* Sources */,
				CFDE2C2E2C1DE915009BA174 /* Frameworks */,
				CFDE2C2F2C1DE915009BA174 /* Resources */,
			);
			buildRules = (
			);
			dependencies = (
			);
			name = ToDoSwiftData;
			productName = ToDoSwiftData;
			productReference = CFDE2C312C1DE915009BA174 /* ToDoSwiftData.app */;
			productType = "com.apple.product-type.application";
		};
/* End PBXNativeTarget section */

/* Begin PBXProject section */
		CFDE2C292C1DE915009BA174 /* Project object */ = {
			isa = PBXProject;
			attributes = {
				BuildIndependentTargetsInParallel = 1;
				LastSwiftUpdateCheck = 1540;
				LastUpgradeCheck = 1540;
				TargetAttributes = {
					CFDE2C302C1DE915009BA174 = {
						CreatedOnToolsVersion = 15.4;
					};
				};
			};
			buildConfigurationList = CFDE2C2C2C1DE915009BA174 /* Build configuration list for PBXProject "ToDoSwiftData" */;
			compatibilityVersion = "Xcode 14.0";
			developmentRegion = en;
			hasScannedForEncodings = 0;
			knownRegions = (
				en,
				Base,
			);
			mainGroup = CFDE2C282C1DE915009BA174;
			productRefGroup = CFDE2C322C1DE915009BA174 /* Products */;
			projectDirPath = "";
			projectRoot = "";
			targets = (
				CFDE2C302C1DE915009BA174 /* ToDoSwiftData */,
			);
		};
/* End PBXProject section */

/* Begin PBXResourcesBuildPhase section */
		CFDE2C2F2C1DE915009BA174 /* Resources */ = {
			isa = PBXResourcesBuildPhase;
			buildActionMask = 2147483647;
			files = (
				CFDE2C3C2C1DE916009BA174 /* Preview Assets.xcassets in Resources */,
				CFDE2C392C1DE916009BA174 /* Assets.xcassets in Resources */,
			);
			runOnlyForDeploymentPostprocessing = 0;
		};
/* End PBXResourcesBuildPhase section */

/* Begin PBXSourcesBuildPhase section */
		CFDE2C2D2C1DE915009BA174 /* Sources */ = {
			isa = PBXSourcesBuildPhase;
			buildActionMask = 2147483647;
			files = (
				CFDE2C462C1DE996009BA174 /* ToDo.swift in Sources */,
				CFDE2C372C1DE915009BA174 /* AddToDoScreen.swift in Sources */,
				CFDE2C352C1DE915009BA174 /* ToDoSwiftDataApp.swift in Sources */,
				CFDE2C482C1DF819009BA174 /* ListScreen.swift in Sources */,
				CFDE2C4C2C1E00B7009BA174 /* ToDoDetailScreen.swift in Sources */,
				CFDE2C4A2C1DF838009BA174 /* ToDoListView.swift in Sources */,
			);
			runOnlyForDeploymentPostprocessing = 0;
		};
/* End PBXSourcesBuildPhase section */

/* Begin XCBuildConfiguration section */
		CFDE2C3D2C1DE916009BA174 /* Debug */ = {
			isa = XCBuildConfiguration;
			buildSettings = {
				ALWAYS_SEARCH_USER_PATHS = NO;
				ASSETCATALOG_COMPILER_GENERATE_SWIFT_ASSET_SYMBOL_EXTENSIONS = YES;
				CLANG_ANALYZER_NONNULL = YES;
				CLANG_ANALYZER_NUMBER_OBJECT_CONVERSION = YES_AGGRESSIVE;
				CLANG_CXX_LANGUAGE_STANDARD = "gnu++20";
				CLANG_ENABLE_MODULES = YES;
				CLANG_ENABLE_OBJC_ARC = YES;
				CLANG_ENABLE_OBJC_WEAK = YES;
				CLANG_WARN_BLOCK_CAPTURE_AUTORELEASING = YES;
				CLANG_WARN_BOOL_CONVERSION = YES;
				CLANG_WARN_COMMA = YES;
				CLANG_WARN_CONSTANT_CONVERSION = YES;
				CLANG_WARN_DEPRECATED_OBJC_IMPLEMENTATIONS = YES;
				CLANG_WARN_DIRECT_OBJC_ISA_USAGE = YES_ERROR;
				CLANG_WARN_DOCUMENTATION_COMMENTS = YES;
				CLANG_WARN_EMPTY_BODY = YES;
				CLANG_WARN_ENUM_CONVERSION = YES;
				CLANG_WARN_INFINITE_RECURSION = YES;
				CLANG_WARN_INT_CONVERSION = YES;
				CLANG_WARN_NON_LITERAL_NULL_CONVERSION = YES;
				CLANG_WARN_OBJC_IMPLICIT_RETAIN_SELF = YES;
				CLANG_WARN_OBJC_LITERAL_CONVERSION = YES;
				CLANG_WARN_OBJC_ROOT_CLASS = YES_ERROR;
				CLANG_WARN_QUOTED_INCLUDE_IN_FRAMEWORK_HEADER = YES;
				CLANG_WARN_RANGE_LOOP_ANALYSIS = YES;
				CLANG_WARN_STRICT_PROTOTYPES = YES;
				CLANG_WARN_SUSPICIOUS_MOVE = YES;
				CLANG_WARN_UNGUARDED_AVAILABILITY = YES_AGGRESSIVE;
				CLANG_WARN_UNREACHABLE_CODE = YES;
				CLANG_WARN__DUPLICATE_METHOD_MATCH = YES;
				COPY_PHASE_STRIP = NO;
				DEBUG_INFORMATION_FORMAT = dwarf;
				ENABLE_STRICT_OBJC_MSGSEND = YES;
				ENABLE_TESTABILITY = YES;
				ENABLE_USER_SCRIPT_SANDBOXING = YES;
				GCC_C_LANGUAGE_STANDARD = gnu17;
				GCC_DYNAMIC_NO_PIC = NO;
				GCC_NO_COMMON_BLOCKS = YES;
				GCC_OPTIMIZATION_LEVEL = 0;
				GCC_PREPROCESSOR_DEFINITIONS = (
					"DEBUG=1",
					"$(inherited)",
				);
				GCC_WARN_64_TO_32_BIT_CONVERSION = YES;
				GCC_WARN_ABOUT_RETURN_TYPE = YES_ERROR;
				GCC_WARN_UNDECLARED_SELECTOR = YES;
				GCC_WARN_UNINITIALIZED_AUTOS = YES_AGGRESSIVE;
				GCC_WARN_UNUSED_FUNCTION = YES;
				GCC_WARN_UNUSED_VARIABLE = YES;
				IPHONEOS_DEPLOYMENT_TARGET = 17.5;
				LOCALIZATION_PREFERS_STRING_CATALOGS = YES;
				MTL_ENABLE_DEBUG_INFO = INCLUDE_SOURCE;
				MTL_FAST_MATH = YES;
				ONLY_ACTIVE_ARCH = YES;
				SDKROOT = iphoneos;
				SWIFT_ACTIVE_COMPILATION_CONDITIONS = "DEBUG $(inherited)";
				SWIFT_OPTIMIZATION_LEVEL = "-Onone";
			};
			name = Debug;
		};
		CFDE2C3E2C1DE916009BA174 /* Release */ = {
			isa = XCBuildConfiguration;
			buildSettings = {
				ALWAYS_SEARCH_USER_PATHS = NO;
				ASSETCATALOG_COMPILER_GENERATE_SWIFT_ASSET_SYMBOL_EXTENSIONS = YES;
				CLANG_ANALYZER_NONNULL = YES;
				CLANG_ANALYZER_NUMBER_OBJECT_CONVERSION = YES_AGGRESSIVE;
				CLANG_CXX_LANGUAGE_STANDARD = "gnu++20";
				CLANG_ENABLE_MODULES = YES;
				CLANG_ENABLE_OBJC_ARC = YES;
				CLANG_ENABLE_OBJC_WEAK = YES;
				CLANG_WARN_BLOCK_CAPTURE_AUTORELEASING = YES;
				CLANG_WARN_BOOL_CONVERSION = YES;
				CLANG_WARN_COMMA = YES;
				CLANG_WARN_CONSTANT_CONVERSION = YES;
				CLANG_WARN_DEPRECATED_OBJC_IMPLEMENTATIONS = YES;
				CLANG_WARN_DIRECT_OBJC_ISA_USAGE = YES_ERROR;
				CLANG_WARN_DOCUMENTATION_COMMENTS = YES;
				CLANG_WARN_EMPTY_BODY = YES;
				CLANG_WARN_ENUM_CONVERSION = YES;
				CLANG_WARN_INFINITE_RECURSION = YES;
				CLANG_WARN_INT_CONVERSION = YES;
				CLANG_WARN_NON_LITERAL_NULL_CONVERSION = YES;
				CLANG_WARN_OBJC_IMPLICIT_RETAIN_SELF = YES;
				CLANG_WARN_OBJC_LITERAL_CONVERSION = YES;
				CLANG_WARN_OBJC_ROOT_CLASS = YES_ERROR;
				CLANG_WARN_QUOTED_INCLUDE_IN_FRAMEWORK_HEADER = YES;
				CLANG_WARN_RANGE_LOOP_ANALYSIS = YES;
				CLANG_WARN_STRICT_PROTOTYPES = YES;
				CLANG_WARN_SUSPICIOUS_MOVE = YES;
				CLANG_WARN_UNGUARDED_AVAILABILITY = YES_AGGRESSIVE;
				CLANG_WARN_UNREACHABLE_CODE = YES;
				CLANG_WARN__DUPLICATE_METHOD_MATCH = YES;
				COPY_PHASE_STRIP = NO;
				DEBUG_INFORMATION_FORMAT = "dwarf-with-dsym";
				ENABLE_NS_ASSERTIONS = NO;
				ENABLE_STRICT_OBJC_MSGSEND = YES;
				ENABLE_USER_SCRIPT_SANDBOXING = YES;
				GCC_C_LANGUAGE_STANDARD = gnu17;
				GCC_NO_COMMON_BLOCKS = YES;
				GCC_WARN_64_TO_32_BIT_CONVERSION = YES;
				GCC_WARN_ABOUT_RETURN_TYPE = YES_ERROR;
				GCC_WARN_UNDECLARED_SELECTOR = YES;
				GCC_WARN_UNINITIALIZED_AUTOS = YES_AGGRESSIVE;
				GCC_WARN_UNUSED_FUNCTION = YES;
				GCC_WARN_UNUSED_VARIABLE = YES;
				IPHONEOS_DEPLOYMENT_TARGET = 17.5;
				LOCALIZATION_PREFERS_STRING_CATALOGS = YES;
				MTL_ENABLE_DEBUG_INFO = NO;
				MTL_FAST_MATH = YES;
				SDKROOT = iphoneos;
				SWIFT_COMPILATION_MODE = wholemodule;
				VALIDATE_PRODUCT = YES;
			};
			name = Release;
		};
		CFDE2C402C1DE916009BA174 /* Debug */ = {
			isa = XCBuildConfiguration;
			buildSettings = {
				ASSETCATALOG_COMPILER_APPICON_NAME = AppIcon;
				ASSETCATALOG_COMPILER_GLOBAL_ACCENT_COLOR_NAME = AccentColor;
				CODE_SIGN_STYLE = Automatic;
				CURRENT_PROJECT_VERSION = 1;
				DEVELOPMENT_ASSET_PATHS = "\"ToDoSwiftData/Preview Content\"";
				DEVELOPMENT_TEAM = 9X8V68YU8J;
				ENABLE_PREVIEWS = YES;
				GENERATE_INFOPLIST_FILE = YES;
				INFOPLIST_KEY_UIApplicationSceneManifest_Generation = YES;
				INFOPLIST_KEY_UIApplicationSupportsIndirectInputEvents = YES;
				INFOPLIST_KEY_UILaunchScreen_Generation = YES;
				INFOPLIST_KEY_UISupportedInterfaceOrientations_iPad = "UIInterfaceOrientationPortrait UIInterfaceOrientationPortraitUpsideDown UIInterfaceOrientationLandscapeLeft UIInterfaceOrientationLandscapeRight";
				INFOPLIST_KEY_UISupportedInterfaceOrientations_iPhone = "UIInterfaceOrientationPortrait UIInterfaceOrientationLandscapeLeft UIInterfaceOrientationLandscapeRight";
				LD_RUNPATH_SEARCH_PATHS = (
					"$(inherited)",
					"@executable_path/Frameworks",
				);
				MARKETING_VERSION = 1.0;
				PRODUCT_BUNDLE_IDENTIFIER = com.mustafadns.ToDoSwiftData;
				PRODUCT_NAME = "$(TARGET_NAME)";
				SWIFT_EMIT_LOC_STRINGS = YES;
				SWIFT_VERSION = 5.0;
				TARGETED_DEVICE_FAMILY = "1,2";
			};
			name = Debug;
		};
		CFDE2C412C1DE916009BA174 /* Release */ = {
			isa = XCBuildConfiguration;
			buildSettings = {
				ASSETCATALOG_COMPILER_APPICON_NAME = AppIcon;
				ASSETCATALOG_COMPILER_GLOBAL_ACCENT_COLOR_NAME = AccentColor;
				CODE_SIGN_STYLE = Automatic;
				CURRENT_PROJECT_VERSION = 1;
				DEVELOPMENT_ASSET_PATHS = "\"ToDoSwiftData/Preview Content\"";
				DEVELOPMENT_TEAM = 9X8V68YU8J;
				ENABLE_PREVIEWS = YES;
				GENERATE_INFOPLIST_FILE = YES;
				INFOPLIST_KEY_UIApplicationSceneManifest_Generation = YES;
				INFOPLIST_KEY_UIApplicationSupportsIndirectInputEvents = YES;
				INFOPLIST_KEY_UILaunchScreen_Generation = YES;
				INFOPLIST_KEY_UISupportedInterfaceOrientations_iPad = "UIInterfaceOrientationPortrait UIInterfaceOrientationPortraitUpsideDown UIInterfaceOrientationLandscapeLeft UIInterfaceOrientationLandscapeRight";
				INFOPLIST_KEY_UISupportedInterfaceOrientations_iPhone = "UIInterfaceOrientationPortrait UIInterfaceOrientationLandscapeLeft UIInterfaceOrientationLandscapeRight";
				LD_RUNPATH_SEARCH_PATHS = (
					"$(inherited)",
					"@executable_path/Frameworks",
				);
				MARKETING_VERSION = 1.0;
				PRODUCT_BUNDLE_IDENTIFIER = com.mustafadns.ToDoSwiftData;
				PRODUCT_NAME = "$(TARGET_NAME)";
				SWIFT_EMIT_LOC_STRINGS = YES;
				SWIFT_VERSION = 5.0;
				TARGETED_DEVICE_FAMILY = "1,2";
			};
			name = Release;
		};
/* End XCBuildConfiguration section */

/* Begin XCConfigurationList section */
		CFDE2C2C2C1DE915009BA174 /* Build configuration list for PBXProject "ToDoSwiftData" */ = {
			isa = XCConfigurationList;
			buildConfigurations = (
				CFDE2C3D2C1DE916009BA174 /* Debug */,
				CFDE2C3E2C1DE916009BA174 /* Release */,
			);
			defaultConfigurationIsVisible = 0;
			defaultConfigurationName = Release;
		};
		CFDE2C3F2C1DE916009BA174 /* Build configuration list for PBXNativeTarget "ToDoSwiftData" */ = {
			isa = XCConfigurationList;
			buildConfigurations = (
				CFDE2C402C1DE916009BA174 /* Debug */,
				CFDE2C412C1DE916009BA174 /* Release */,
			);
			defaultConfigurationIsVisible = 0;
			defaultConfigurationName = Release;
		};
/* End XCConfigurationList section */
	};
	rootObject = CFDE2C292C1DE915009BA174 /* Project object */;
}
